
Microsoft Visual Studio Solution File, Format Version 12.00
# Visual Studio Version 17
VisualStudioVersion = 17.5.33502.453
MinimumVisualStudioVersion = 10.0.40219.1
Project("{FAE04EC0-301F-11D3-BF4B-00C04F79EFBC}") = "AzureAccount", "AzureAccount.csproj", "{B3CD4C2C-5D72-4393-92AF-BE0460A5796D}"
EndProject
Global
	GlobalSection(SolutionConfigurationPlatforms) = preSolution
		Debug|Any CPU = Debug|Any CPU
		Release|Any CPU = Release|Any CPU
	EndGlobalSection
	GlobalSection(ProjectConfigurationPlatforms) = postSolution
		{B3CD4C2C-5D72-4393-92AF-BE0460A5796D}.Debug|Any CPU.ActiveCfg = Debug|Any CPU
		{B3CD4C2C-5D72-4393-92AF-BE0460A5796D}.Debug|Any CPU.Build.0 = Debug|Any CPU
		{B3CD4C2C-5D72-4393-92AF-BE0460A5796D}.Release|Any CPU.ActiveCfg = Release|Any CPU
		{B3CD4C2C-5D72-4393-92AF-BE0460A5796D}.Release|Any CPU.Build.0 = Release|Any CPU
	EndGlobalSection
	GlobalSection(SolutionProperties) = preSolution
		HideSolutionNode = FALSE
	EndGlobalSection
	GlobalSection(ExtensibilityGlobals) = postSolution
		SolutionGuid = {F1D3008F-AB94-4B6E-9A15-62E5116032CF}
	EndGlobalSection
EndGlobal
